
Microsoft Visual Studio Solution File, Format Version 12.00
# Visual Studio Version 17
VisualStudioVersion = 17.0.31903.59
MinimumVisualStudioVersion = 10.0.40219.1
Project("{2150E333-8FDC-42A3-9474-1A3956D46DE8}") = "src", "src", "{827E0CD3-B72D-47B6-A68D-7590B98EB39B}"
EndProject
Project("{FAE04EC0-301F-11D3-BF4B-00C04F79EFBC}") = "MotionInput.Core", "src\MotionInput.Core\MotionInput.Core.csproj", "{3B3DFC70-0658-4166-B8D8-6E327BA1EF5D}"
EndProject
Project("{FAE04EC0-301F-11D3-BF4B-00C04F79EFBC}") = "MotionInput.App", "src\MotionInput.App\MotionInput.App.csproj", "{C0140E49-69FA-4FE9-B8FE-F8B94509D637}"
EndProject
Project("{FAE04EC0-301F-11D3-BF4B-00C04F79EFBC}") = "MotionInput.Tests", "src\MotionInput.Tests\MotionInput.Tests.csproj", "{D1BE7BD5-91B4-4B46-88F5-2B1A6A683392}"
EndProject
Global
	GlobalSection(SolutionConfigurationPlatforms) = preSolution
		Debug|Any CPU = Debug|Any CPU
		Debug|x64 = Debug|x64
		Debug|x86 = Debug|x86
		Release|Any CPU = Release|Any CPU
		Release|x64 = Release|x64
		Release|x86 = Release|x86
	EndGlobalSection
	GlobalSection(ProjectConfigurationPlatforms) = postSolution
		{3B3DFC70-0658-4166-B8D8-6E327BA1EF5D}.Debug|Any CPU.ActiveCfg = Debug|Any CPU
		{3B3DFC70-0658-4166-B8D8-6E327BA1EF5D}.Debug|Any CPU.Build.0 = Debug|Any CPU
		{3B3DFC70-0658-4166-B8D8-6E327BA1EF5D}.Debug|x64.ActiveCfg = Debug|Any CPU
		{3B3DFC70-0658-4166-B8D8-6E327BA1EF5D}.Debug|x64.Build.0 = Debug|Any CPU
		{3B3DFC70-0658-4166-B8D8-6E327BA1EF5D}.Debug|x86.ActiveCfg = Debug|Any CPU
		{3B3DFC70-0658-4166-B8D8-6E327BA1EF5D}.Debug|x86.Build.0 = Debug|Any CPU
		{3B3DFC70-0658-4166-B8D8-6E327BA1EF5D}.Release|Any CPU.ActiveCfg = Release|Any CPU
		{3B3DFC70-0658-4166-B8D8-6E327BA1EF5D}.Release|Any CPU.Build.0 = Release|Any CPU
		{3B3DFC70-0658-4166-B8D8-6E327BA1EF5D}.Release|x64.ActiveCfg = Release|Any CPU
		{3B3DFC70-0658-4166-B8D8-6E327BA1EF5D}.Release|x64.Build.0 = Release|Any CPU
		{3B3DFC70-0658-4166-B8D8-6E327BA1EF5D}.Release|x86.ActiveCfg = Release|Any CPU
		{3B3DFC70-0658-4166-B8D8-6E327BA1EF5D}.Release|x86.Build.0 = Release|Any CPU
		{C0140E49-69FA-4FE9-B8FE-F8B94509D637}.Debug|Any CPU.ActiveCfg = Debug|Any CPU
		{C0140E49-69FA-4FE9-B8FE-F8B94509D637}.Debug|Any CPU.Build.0 = Debug|Any CPU
		{C0140E49-69FA-4FE9-B8FE-F8B94509D637}.Debug|x64.ActiveCfg = Debug|Any CPU
		{C0140E49-69FA-4FE9-B8FE-F8B94509D637}.Debug|x64.Build.0 = Debug|Any CPU
		{C0140E49-69FA-4FE9-B8FE-F8B94509D637}.Debug|x86.ActiveCfg = Debug|Any CPU
		{C0140E49-69FA-4FE9-B8FE-F8B94509D637}.Debug|x86.Build.0 = Debug|Any CPU
		{C0140E49-69FA-4FE9-B8FE-F8B94509D637}.Release|Any CPU.ActiveCfg = Release|Any CPU
		{C0140E49-69FA-4FE9-B8FE-F8B94509D637}.Release|Any CPU.Build.0 = Release|Any CPU
		{C0140E49-69FA-4FE9-B8FE-F8B94509D637}.Release|x64.ActiveCfg = Release|Any CPU
		{C0140E49-69FA-4FE9-B8FE-F8B94509D637}.Release|x64.Build.0 = Release|Any CPU
		{C0140E49-69FA-4FE9-B8FE-F8B94509D637}.Release|x86.ActiveCfg = Release|Any CPU
		{C0140E49-69FA-4FE9-B8FE-F8B94509D637}.Release|x86.Build.0 = Release|Any CPU
		{D1BE7BD5-91B4-4B46-88F5-2B1A6A683392}.Debug|Any CPU.ActiveCfg = Debug|Any CPU
		{D1BE7BD5-91B4-4B46-88F5-2B1A6A683392}.Debug|Any CPU.Build.0 = Debug|Any CPU
		{D1BE7BD5-91B4-4B46-88F5-2B1A6A683392}.Debug|x64.ActiveCfg = Debug|Any CPU
		{D1BE7BD5-91B4-4B46-88F5-2B1A6A683392}.Debug|x64.Build.0 = Debug|Any CPU
		{D1BE7BD5-91B4-4B46-88F5-2B1A6A683392}.Debug|x86.ActiveCfg = Debug|Any CPU
		{D1BE7BD5-91B4-4B46-88F5-2B1A6A683392}.Debug|x86.Build.0 = Debug|Any CPU
		{D1BE7BD5-91B4-4B46-88F5-2B1A6A683392}.Release|Any CPU.ActiveCfg = Release|Any CPU
		{D1BE7BD5-91B4-4B46-88F5-2B1A6A683392}.Release|Any CPU.Build.0 = Release|Any CPU
		{D1BE7BD5-91B4-4B46-88F5-2B1A6A683392}.Release|x64.ActiveCfg = Release|Any CPU
		{D1BE7BD5-91B4-4B46-88F5-2B1A6A683392}.Release|x64.Build.0 = Release|Any CPU
		{D1BE7BD5-91B4-4B46-88F5-2B1A6A683392}.Release|x86.ActiveCfg = Release|Any CPU
		{D1BE7BD5-91B4-4B46-88F5-2B1A6A683392}.Release|x86.Build.0 = Release|Any CPU
	EndGlobalSection
	GlobalSection(SolutionProperties) = preSolution
		HideSolutionNode = FALSE
	EndGlobalSection
	GlobalSection(NestedProjects) = preSolution
		{3B3DFC70-0658-4166-B8D8-6E327BA1EF5D} = {827E0CD3-B72D-47B6-A68D-7590B98EB39B}
		{C0140E49-69FA-4FE9-B8FE-F8B94509D637} = {827E0CD3-B72D-47B6-A68D-7590B98EB39B}
		{D1BE7BD5-91B4-4B46-88F5-2B1A6A683392} = {827E0CD3-B72D-47B6-A68D-7590B98EB39B}
	EndGlobalSection
EndGlobal
